
Microsoft Visual Studio Solution File, Format Version 12.00
# Visual Studio Version 17
VisualStudioVersion = 17.8.34330.188
MinimumVisualStudioVersion = 10.0.40219.1
Project("{FAE04EC0-301F-11D3-BF4B-00C04F79EFBC}") = "CustoFuncionarioApp", "CustoFuncionarioApp\CustoFuncionarioApp.csproj", "{67147DBC-D8E6-478A-8164-428116369F4D}"
EndProject
Project("{FAE04EC0-301F-11D3-BF4B-00C04F79EFBC}") = "CalculadoraSalario.Teste", "CalculadoraSalario.Teste\CalculadoraSalario.Teste.csproj", "{2C64406E-1ED2-4922-8DED-B481ABA2EF33}"
EndProject
Global
	GlobalSection(SolutionConfigurationPlatforms) = preSolution
		Debug|Any CPU = Debug|Any CPU
		Release|Any CPU = Release|Any CPU
	EndGlobalSection
	GlobalSection(ProjectConfigurationPlatforms) = postSolution
		{67147DBC-D8E6-478A-8164-428116369F4D}.Debug|Any CPU.ActiveCfg = Debug|Any CPU
		{67147DBC-D8E6-478A-8164-428116369F4D}.Debug|Any CPU.Build.0 = Debug|Any CPU
		{67147DBC-D8E6-478A-8164-428116369F4D}.Release|Any CPU.ActiveCfg = Release|Any CPU
		{67147DBC-D8E6-478A-8164-428116369F4D}.Release|Any CPU.Build.0 = Release|Any CPU
		{2C64406E-1ED2-4922-8DED-B481ABA2EF33}.Debug|Any CPU.ActiveCfg = Debug|Any CPU
		{2C64406E-1ED2-4922-8DED-B481ABA2EF33}.Debug|Any CPU.Build.0 = Debug|Any CPU
		{2C64406E-1ED2-4922-8DED-B481ABA2EF33}.Release|Any CPU.ActiveCfg = Release|Any CPU
		{2C64406E-1ED2-4922-8DED-B481ABA2EF33}.Release|Any CPU.Build.0 = Release|Any CPU
	EndGlobalSection
	GlobalSection(SolutionProperties) = preSolution
		HideSolutionNode = FALSE
	EndGlobalSection
	GlobalSection(ExtensibilityGlobals) = postSolution
		SolutionGuid = {15720677-F8C9-4912-A88A-F9A38E1E81B1}
	EndGlobalSection
EndGlobal
